// !$*UTF8*$!
{
	archiveVersion = 1;
	classes = {
	};
	objectVersion = 77;
	objects = {

/* Begin PBXBuildFile section */
		1E5F02F62DBA987E0062BAD8 /* Swinject in Frameworks */ = {isa = PBXBuildFile; productRef = 1E5F02F52DBA987E0062BAD8 /* Swinject */; };
		1E81F4A42DB96059008ED9B3 /* GoogleSignIn in Frameworks */ = {isa = PBXBuildFile; productRef = 1E81F4A32DB96059008ED9B3 /* GoogleSignIn */; };
		1E81F58E2DB96FFD008ED9B3 /* FirebaseAnalytics in Frameworks */ = {isa = PBXBuildFile; productRef = 1E81F58D2DB96FFD008ED9B3 /* FirebaseAnalytics */; };
		1E81F5902DB96FFD008ED9B3 /* FirebaseAuth in Frameworks */ = {isa = PBXBuildFile; productRef = 1E81F58F2DB96FFD008ED9B3 /* FirebaseAuth */; };
		1E81F5922DB96FFD008ED9B3 /* FirebaseCore in Frameworks */ = {isa = PBXBuildFile; productRef = 1E81F5912DB96FFD008ED9B3 /* FirebaseCore */; };
		1E81F5942DB96FFD008ED9B3 /* FirebaseCrashlytics in Frameworks */ = {isa = PBXBuildFile; productRef = 1E81F5932DB96FFD008ED9B3 /* FirebaseCrashlytics */; };
		1E81F5962DB96FFD008ED9B3 /* FirebaseDatabase in Frameworks */ = {isa = PBXBuildFile; productRef = 1E81F5952DB96FFD008ED9B3 /* FirebaseDatabase */; };
		1E81F5982DB96FFD008ED9B3 /* FirebaseFirestore in Frameworks */ = {isa = PBXBuildFile; productRef = 1E81F5972DB96FFD008ED9B3 /* FirebaseFirestore */; };
		1E81F59A2DB96FFD008ED9B3 /* FirebaseMessaging in Frameworks */ = {isa = PBXBuildFile; productRef = 1E81F5992DB96FFD008ED9B3 /* FirebaseMessaging */; };
		1E81F59C2DB96FFD008ED9B3 /* FirebaseStorage in Frameworks */ = {isa = PBXBuildFile; productRef = 1E81F59B2DB96FFD008ED9B3 /* FirebaseStorage */; };
/* End PBXBuildFile section */

/* Begin PBXContainerItemProxy section */
		1E81F4862DB9600C008ED9B3 /* PBXContainerItemProxy */ = {
			isa = PBXContainerItemProxy;
			containerPortal = 1E81F46D2DB9600A008ED9B3 /* Project object */;
			proxyType = 1;
			remoteGlobalIDString = 1E81F4742DB9600A008ED9B3;
			remoteInfo = chatappdemo;
		};
		1E81F4902DB9600C008ED9B3 /* PBXContainerItemProxy */ = {
			isa = PBXContainerItemProxy;
			containerPortal = 1E81F46D2DB9600A008ED9B3 /* Project object */;
			proxyType = 1;
			remoteGlobalIDString = 1E81F4742DB9600A008ED9B3;
			remoteInfo = chatappdemo;
		};
/* End PBXContainerItemProxy section */

/* Begin PBXFileReference section */
		1E81F4752DB9600A008ED9B3 /* chatappdemo.app */ = {isa = PBXFileReference; explicitFileType = wrapper.application; includeInIndex = 0; path = chatappdemo.app; sourceTree = BUILT_PRODUCTS_DIR; };
		1E81F4852DB9600C008ED9B3 /* chatappdemoTests.xctest */ = {isa = PBXFileReference; explicitFileType = wrapper.cfbundle; includeInIndex = 0; path = chatappdemoTests.xctest; sourceTree = BUILT_PRODUCTS_DIR; };
		1E81F48F2DB9600C008ED9B3 /* chatappdemoUITests.xctest */ = {isa = PBXFileReference; explicitFileType = wrapper.cfbundle; includeInIndex = 0; path = chatappdemoUITests.xctest; sourceTree = BUILT_PRODUCTS_DIR; };
/* End PBXFileReference section */

/* Begin PBXFileSystemSynchronizedBuildFileExceptionSet section */
		465F50F62DBA66D100209A64 /* Exceptions for "chatappdemo" folder in "chatappdemo" target */ = {
			isa = PBXFileSystemSynchronizedBuildFileExceptionSet;
			membershipExceptions = (
				Info.plist,
			);
			target = 1E81F4742DB9600A008ED9B3 /* chatappdemo */;
		};
/* End PBXFileSystemSynchronizedBuildFileExceptionSet section */

/* Begin PBXFileSystemSynchronizedRootGroup section */
		1E81F4772DB9600A008ED9B3 /* chatappdemo */ = {
			isa = PBXFileSystemSynchronizedRootGroup;
			exceptions = (
				465F50F62DBA66D100209A64 /* Exceptions for "chatappdemo" folder in "chatappdemo" target */,
			);
			path = chatappdemo;
			sourceTree = "<group>";
		};
		1E81F4882DB9600C008ED9B3 /* chatappdemoTests */ = {
			isa = PBXFileSystemSynchronizedRootGroup;
			path = chatappdemoTests;
			sourceTree = "<group>";
		};
		1E81F4922DB9600C008ED9B3 /* chatappdemoUITests */ = {
			isa = PBXFileSystemSynchronizedRootGroup;
			path = chatappdemoUITests;
			sourceTree = "<group>";
		};
/* End PBXFileSystemSynchronizedRootGroup section */

/* Begin PBXFrameworksBuildPhase section */
		1E81F4722DB9600A008ED9B3 /* Frameworks */ = {
			isa = PBXFrameworksBuildPhase;
			buildActionMask = 2147483647;
			files = (
				1E81F59A2DB96FFD008ED9B3 /* FirebaseMessaging in Frameworks */,
				1E5F02F62DBA987E0062BAD8 /* Swinject in Frameworks */,
				1E81F5962DB96FFD008ED9B3 /* FirebaseDatabase in Frameworks */,
				1E81F59C2DB96FFD008ED9B3 /* FirebaseStorage in Frameworks */,
				1E81F58E2DB96FFD008ED9B3 /* FirebaseAnalytics in Frameworks */,
				1E81F5902DB96FFD008ED9B3 /* FirebaseAuth in Frameworks */,
				1E81F5942DB96FFD008ED9B3 /* FirebaseCrashlytics in Frameworks */,
				1E81F5922DB96FFD008ED9B3 /* FirebaseCore in Frameworks */,
				1E81F4A42DB96059008ED9B3 /* GoogleSignIn in Frameworks */,
				1E81F5982DB96FFD008ED9B3 /* FirebaseFirestore in Frameworks */,
			);
			runOnlyForDeploymentPostprocessing = 0;
		};
		1E81F4822DB9600C008ED9B3 /* Frameworks */ = {
			isa = PBXFrameworksBuildPhase;
			buildActionMask = 2147483647;
			files = (
			);
			runOnlyForDeploymentPostprocessing = 0;
		};
		1E81F48C2DB9600C008ED9B3 /* Frameworks */ = {
			isa = PBXFrameworksBuildPhase;
			buildActionMask = 2147483647;
			files = (
			);
			runOnlyForDeploymentPostprocessing = 0;
		};
/* End PBXFrameworksBuildPhase section */

/* Begin PBXGroup section */
		1E81F46C2DB9600A008ED9B3 = {
			isa = PBXGroup;
			children = (
				1E81F4772DB9600A008ED9B3 /* chatappdemo */,
				1E81F4882DB9600C008ED9B3 /* chatappdemoTests */,
				1E81F4922DB9600C008ED9B3 /* chatappdemoUITests */,
				1E81F4762DB9600A008ED9B3 /* Products */,
			);
			sourceTree = "<group>";
		};
		1E81F4762DB9600A008ED9B3 /* Products */ = {
			isa = PBXGroup;
			children = (
				1E81F4752DB9600A008ED9B3 /* chatappdemo.app */,
				1E81F4852DB9600C008ED9B3 /* chatappdemoTests.xctest */,
				1E81F48F2DB9600C008ED9B3 /* chatappdemoUITests.xctest */,
			);
			name = Products;
			sourceTree = "<group>";
		};
/* End PBXGroup section */

/* Begin PBXNativeTarget section */
		1E81F4742DB9600A008ED9B3 /* chatappdemo */ = {
			isa = PBXNativeTarget;
			buildConfigurationList = 1E81F4992DB9600C008ED9B3 /* Build configuration list for PBXNativeTarget "chatappdemo" */;
			buildPhases = (
				1E81F4712DB9600A008ED9B3 /* Sources */,
				1E81F4722DB9600A008ED9B3 /* Frameworks */,
				1E81F4732DB9600A008ED9B3 /* Resources */,
			);
			buildRules = (
			);
			dependencies = (
			);
			fileSystemSynchronizedGroups = (
				1E81F4772DB9600A008ED9B3 /* chatappdemo */,
			);
			name = chatappdemo;
			packageProductDependencies = (
				1E81F4A32DB96059008ED9B3 /* GoogleSignIn */,
				1E81F58D2DB96FFD008ED9B3 /* FirebaseAnalytics */,
				1E81F58F2DB96FFD008ED9B3 /* FirebaseAuth */,
				1E81F5912DB96FFD008ED9B3 /* FirebaseCore */,
				1E81F5932DB96FFD008ED9B3 /* FirebaseCrashlytics */,
				1E81F5952DB96FFD008ED9B3 /* FirebaseDatabase */,
				1E81F5972DB96FFD008ED9B3 /* FirebaseFirestore */,
				1E81F5992DB96FFD008ED9B3 /* FirebaseMessaging */,
				1E81F59B2DB96FFD008ED9B3 /* FirebaseStorage */,
				1E5F02F52DBA987E0062BAD8 /* Swinject */,
			);
			productName = chatappdemo;
			productReference = 1E81F4752DB9600A008ED9B3 /* chatappdemo.app */;
			productType = "com.apple.product-type.application";
		};
		1E81F4842DB9600C008ED9B3 /* chatappdemoTests */ = {
			isa = PBXNativeTarget;
			buildConfigurationList = 1E81F49C2DB9600C008ED9B3 /* Build configuration list for PBXNativeTarget "chatappdemoTests" */;
			buildPhases = (
				1E81F4812DB9600C008ED9B3 /* Sources */,
				1E81F4822DB9600C008ED9B3 /* Frameworks */,
				1E81F4832DB9600C008ED9B3 /* Resources */,
			);
			buildRules = (
			);
			dependencies = (
				1E81F4872DB9600C008ED9B3 /* PBXTargetDependency */,
			);
			fileSystemSynchronizedGroups = (
				1E81F4882DB9600C008ED9B3 /* chatappdemoTests */,
			);
			name = chatappdemoTests;
			packageProductDependencies = (
			);
			productName = chatappdemoTests;
			productReference = 1E81F4852DB9600C008ED9B3 /* chatappdemoTests.xctest */;
			productType = "com.apple.product-type.bundle.unit-test";
		};
		1E81F48E2DB9600C008ED9B3 /* chatappdemoUITests */ = {
			isa = PBXNativeTarget;
			buildConfigurationList = 1E81F49F2DB9600C008ED9B3 /* Build configuration list for PBXNativeTarget "chatappdemoUITests" */;
			buildPhases = (
				1E81F48B2DB9600C008ED9B3 /* Sources */,
				1E81F48C2DB9600C008ED9B3 /* Frameworks */,
				1E81F48D2DB9600C008ED9B3 /* Resources */,
			);
			buildRules = (
			);
			dependencies = (
				1E81F4912DB9600C008ED9B3 /* PBXTargetDependency */,
			);
			fileSystemSynchronizedGroups = (
				1E81F4922DB9600C008ED9B3 /* chatappdemoUITests */,
			);
			name = chatappdemoUITests;
			packageProductDependencies = (
			);
			productName = chatappdemoUITests;
			productReference = 1E81F48F2DB9600C008ED9B3 /* chatappdemoUITests.xctest */;
			productType = "com.apple.product-type.bundle.ui-testing";
		};
/* End PBXNativeTarget section */

/* Begin PBXProject section */
		1E81F46D2DB9600A008ED9B3 /* Project object */ = {
			isa = PBXProject;
			attributes = {
				BuildIndependentTargetsInParallel = 1;
				LastSwiftUpdateCheck = 1600;
				LastUpgradeCheck = 1600;
				TargetAttributes = {
					1E81F4742DB9600A008ED9B3 = {
						CreatedOnToolsVersion = 16.0;
					};
					1E81F4842DB9600C008ED9B3 = {
						CreatedOnToolsVersion = 16.0;
						TestTargetID = 1E81F4742DB9600A008ED9B3;
					};
					1E81F48E2DB9600C008ED9B3 = {
						CreatedOnToolsVersion = 16.0;
						TestTargetID = 1E81F4742DB9600A008ED9B3;
					};
				};
			};
			buildConfigurationList = 1E81F4702DB9600A008ED9B3 /* Build configuration list for PBXProject "chatappdemo" */;
			developmentRegion = en;
			hasScannedForEncodings = 0;
			knownRegions = (
				en,
				Base,
			);
			mainGroup = 1E81F46C2DB9600A008ED9B3;
			minimizedProjectReferenceProxies = 1;
			packageReferences = (
				1E81F4A22DB96059008ED9B3 /* XCRemoteSwiftPackageReference "GoogleSignIn-iOS" */,
				1E81F58C2DB96FFD008ED9B3 /* XCRemoteSwiftPackageReference "firebase-ios-sdk" */,
				1E5F02F42DBA987E0062BAD8 /* XCRemoteSwiftPackageReference "Swinject" */,
			);
			preferredProjectObjectVersion = 77;
			productRefGroup = 1E81F4762DB9600A008ED9B3 /* Products */;
			projectDirPath = "";
			projectRoot = "";
			targets = (
				1E81F4742DB9600A008ED9B3 /* chatappdemo */,
				1E81F4842DB9600C008ED9B3 /* chatappdemoTests */,
				1E81F48E2DB9600C008ED9B3 /* chatappdemoUITests */,
			);
		};
/* End PBXProject section */

/* Begin PBXResourcesBuildPhase section */
		1E81F4732DB9600A008ED9B3 /* Resources */ = {
			isa = PBXResourcesBuildPhase;
			buildActionMask = 2147483647;
			files = (
			);
			runOnlyForDeploymentPostprocessing = 0;
		};
		1E81F4832DB9600C008ED9B3 /* Resources */ = {
			isa = PBXResourcesBuildPhase;
			buildActionMask = 2147483647;
			files = (
			);
			runOnlyForDeploymentPostprocessing = 0;
		};
		1E81F48D2DB9600C008ED9B3 /* Resources */ = {
			isa = PBXResourcesBuildPhase;
			buildActionMask = 2147483647;
			files = (
			);
			runOnlyForDeploymentPostprocessing = 0;
		};
/* End PBXResourcesBuildPhase section */

/* Begin PBXSourcesBuildPhase section */
		1E81F4712DB9600A008ED9B3 /* Sources */ = {
			isa = PBXSourcesBuildPhase;
			buildActionMask = 2147483647;
			files = (
			);
			runOnlyForDeploymentPostprocessing = 0;
		};
		1E81F4812DB9600C008ED9B3 /* Sources */ = {
			isa = PBXSourcesBuildPhase;
			buildActionMask = 2147483647;
			files = (
			);
			runOnlyForDeploymentPostprocessing = 0;
		};
		1E81F48B2DB9600C008ED9B3 /* Sources */ = {
			isa = PBXSourcesBuildPhase;
			buildActionMask = 2147483647;
			files = (
			);
			runOnlyForDeploymentPostprocessing = 0;
		};
/* End PBXSourcesBuildPhase section */

/* Begin PBXTargetDependency section */
		1E81F4872DB9600C008ED9B3 /* PBXTargetDependency */ = {
			isa = PBXTargetDependency;
			target = 1E81F4742DB9600A008ED9B3 /* chatappdemo */;
			targetProxy = 1E81F4862DB9600C008ED9B3 /* PBXContainerItemProxy */;
		};
		1E81F4912DB9600C008ED9B3 /* PBXTargetDependency */ = {
			isa = PBXTargetDependency;
			target = 1E81F4742DB9600A008ED9B3 /* chatappdemo */;
			targetProxy = 1E81F4902DB9600C008ED9B3 /* PBXContainerItemProxy */;
		};
/* End PBXTargetDependency section */

/* Begin XCBuildConfiguration section */
		1E81F4972DB9600C008ED9B3 /* Debug */ = {
			isa = XCBuildConfiguration;
			buildSettings = {
				ALWAYS_SEARCH_USER_PATHS = NO;
				ASSETCATALOG_COMPILER_GENERATE_SWIFT_ASSET_SYMBOL_EXTENSIONS = YES;
				CLANG_ANALYZER_NONNULL = YES;
				CLANG_ANALYZER_NUMBER_OBJECT_CONVERSION = YES_AGGRESSIVE;
				CLANG_CXX_LANGUAGE_STANDARD = "gnu++20";
				CLANG_ENABLE_MODULES = YES;
				CLANG_ENABLE_OBJC_ARC = YES;
				CLANG_ENABLE_OBJC_WEAK = YES;
				CLANG_WARN_BLOCK_CAPTURE_AUTORELEASING = YES;
				CLANG_WARN_BOOL_CONVERSION = YES;
				CLANG_WARN_COMMA = YES;
				CLANG_WARN_CONSTANT_CONVERSION = YES;
				CLANG_WARN_DEPRECATED_OBJC_IMPLEMENTATIONS = YES;
				CLANG_WARN_DIRECT_OBJC_ISA_USAGE = YES_ERROR;
				CLANG_WARN_DOCUMENTATION_COMMENTS = YES;
				CLANG_WARN_EMPTY_BODY = YES;
				CLANG_WARN_ENUM_CONVERSION = YES;
				CLANG_WARN_INFINITE_RECURSION = YES;
				CLANG_WARN_INT_CONVERSION = YES;
				CLANG_WARN_NON_LITERAL_NULL_CONVERSION = YES;
				CLANG_WARN_OBJC_IMPLICIT_RETAIN_SELF = YES;
				CLANG_WARN_OBJC_LITERAL_CONVERSION = YES;
				CLANG_WARN_OBJC_ROOT_CLASS = YES_ERROR;
				CLANG_WARN_QUOTED_INCLUDE_IN_FRAMEWORK_HEADER = YES;
				CLANG_WARN_RANGE_LOOP_ANALYSIS = YES;
				CLANG_WARN_STRICT_PROTOTYPES = YES;
				CLANG_WARN_SUSPICIOUS_MOVE = YES;
				CLANG_WARN_UNGUARDED_AVAILABILITY = YES_AGGRESSIVE;
				CLANG_WARN_UNREACHABLE_CODE = YES;
				CLANG_WARN__DUPLICATE_METHOD_MATCH = YES;
				COPY_PHASE_STRIP = NO;
				DEBUG_INFORMATION_FORMAT = dwarf;
				ENABLE_STRICT_OBJC_MSGSEND = YES;
				ENABLE_TESTABILITY = YES;
				ENABLE_USER_SCRIPT_SANDBOXING = YES;
				GCC_C_LANGUAGE_STANDARD = gnu17;
				GCC_DYNAMIC_NO_PIC = NO;
				GCC_NO_COMMON_BLOCKS = YES;
				GCC_OPTIMIZATION_LEVEL = 0;
				GCC_PREPROCESSOR_DEFINITIONS = (
					"DEBUG=1",
					"$(inherited)",
				);
				GCC_WARN_64_TO_32_BIT_CONVERSION = YES;
				GCC_WARN_ABOUT_RETURN_TYPE = YES_ERROR;
				GCC_WARN_UNDECLARED_SELECTOR = YES;
				GCC_WARN_UNINITIALIZED_AUTOS = YES_AGGRESSIVE;
				GCC_WARN_UNUSED_FUNCTION = YES;
				GCC_WARN_UNUSED_VARIABLE = YES;
				IPHONEOS_DEPLOYMENT_TARGET = 18.0;
				LOCALIZATION_PREFERS_STRING_CATALOGS = YES;
				MTL_ENABLE_DEBUG_INFO = INCLUDE_SOURCE;
				MTL_FAST_MATH = YES;
				ONLY_ACTIVE_ARCH = YES;
				SDKROOT = iphoneos;
				SWIFT_ACTIVE_COMPILATION_CONDITIONS = "DEBUG $(inherited)";
				SWIFT_OPTIMIZATION_LEVEL = "-Onone";
			};
			name = Debug;
		};
		1E81F4982DB9600C008ED9B3 /* Release */ = {
			isa = XCBuildConfiguration;
			buildSettings = {
				ALWAYS_SEARCH_USER_PATHS = NO;
				ASSETCATALOG_COMPILER_GENERATE_SWIFT_ASSET_SYMBOL_EXTENSIONS = YES;
				CLANG_ANALYZER_NONNULL = YES;
				CLANG_ANALYZER_NUMBER_OBJECT_CONVERSION = YES_AGGRESSIVE;
				CLANG_CXX_LANGUAGE_STANDARD = "gnu++20";
				CLANG_ENABLE_MODULES = YES;
				CLANG_ENABLE_OBJC_ARC = YES;
				CLANG_ENABLE_OBJC_WEAK = YES;
				CLANG_WARN_BLOCK_CAPTURE_AUTORELEASING = YES;
				CLANG_WARN_BOOL_CONVERSION = YES;
				CLANG_WARN_COMMA = YES;
				CLANG_WARN_CONSTANT_CONVERSION = YES;
				CLANG_WARN_DEPRECATED_OBJC_IMPLEMENTATIONS = YES;
				CLANG_WARN_DIRECT_OBJC_ISA_USAGE = YES_ERROR;
				CLANG_WARN_DOCUMENTATION_COMMENTS = YES;
				CLANG_WARN_EMPTY_BODY = YES;
				CLANG_WARN_ENUM_CONVERSION = YES;
				CLANG_WARN_INFINITE_RECURSION = YES;
				CLANG_WARN_INT_CONVERSION = YES;
				CLANG_WARN_NON_LITERAL_NULL_CONVERSION = YES;
				CLANG_WARN_OBJC_IMPLICIT_RETAIN_SELF = YES;
				CLANG_WARN_OBJC_LITERAL_CONVERSION = YES;
				CLANG_WARN_OBJC_ROOT_CLASS = YES_ERROR;
				CLANG_WARN_QUOTED_INCLUDE_IN_FRAMEWORK_HEADER = YES;
				CLANG_WARN_RANGE_LOOP_ANALYSIS = YES;
				CLANG_WARN_STRICT_PROTOTYPES = YES;
				CLANG_WARN_SUSPICIOUS_MOVE = YES;
				CLANG_WARN_UNGUARDED_AVAILABILITY = YES_AGGRESSIVE;
				CLANG_WARN_UNREACHABLE_CODE = YES;
				CLANG_WARN__DUPLICATE_METHOD_MATCH = YES;
				COPY_PHASE_STRIP = NO;
				DEBUG_INFORMATION_FORMAT = "dwarf-with-dsym";
				ENABLE_NS_ASSERTIONS = NO;
				ENABLE_STRICT_OBJC_MSGSEND = YES;
				ENABLE_USER_SCRIPT_SANDBOXING = YES;
				GCC_C_LANGUAGE_STANDARD = gnu17;
				GCC_NO_COMMON_BLOCKS = YES;
				GCC_WARN_64_TO_32_BIT_CONVERSION = YES;
				GCC_WARN_ABOUT_RETURN_TYPE = YES_ERROR;
				GCC_WARN_UNDECLARED_SELECTOR = YES;
				GCC_WARN_UNINITIALIZED_AUTOS = YES_AGGRESSIVE;
				GCC_WARN_UNUSED_FUNCTION = YES;
				GCC_WARN_UNUSED_VARIABLE = YES;
				IPHONEOS_DEPLOYMENT_TARGET = 18.0;
				LOCALIZATION_PREFERS_STRING_CATALOGS = YES;
				MTL_ENABLE_DEBUG_INFO = NO;
				MTL_FAST_MATH = YES;
				SDKROOT = iphoneos;
				SWIFT_COMPILATION_MODE = wholemodule;
				VALIDATE_PRODUCT = YES;
			};
			name = Release;
		};
		1E81F49A2DB9600C008ED9B3 /* Debug */ = {
			isa = XCBuildConfiguration;
			buildSettings = {
				ASSETCATALOG_COMPILER_APPICON_NAME = AppIcon;
				ASSETCATALOG_COMPILER_GLOBAL_ACCENT_COLOR_NAME = AccentColor;
				CODE_SIGN_ENTITLEMENTS = chatappdemo/chatappdemo.entitlements;
				CODE_SIGN_IDENTITY = "Apple Development";
				CODE_SIGN_STYLE = Automatic;
				CURRENT_PROJECT_VERSION = 1;
				DEVELOPMENT_ASSET_PATHS = "\"chatappdemo/SupportingFiles/Preview Content\"";
				DEVELOPMENT_TEAM = MK55K2A9V3;
				ENABLE_PREVIEWS = YES;
				GENERATE_INFOPLIST_FILE = YES;
				INFOPLIST_FILE = chatappdemo/Info.plist;
				INFOPLIST_KEY_UIApplicationSceneManifest_Generation = YES;
				INFOPLIST_KEY_UIApplicationSupportsIndirectInputEvents = YES;
				INFOPLIST_KEY_UILaunchScreen_Generation = YES;
				INFOPLIST_KEY_UISupportedInterfaceOrientations_iPad = "UIInterfaceOrientationPortrait UIInterfaceOrientationPortraitUpsideDown UIInterfaceOrientationLandscapeLeft UIInterfaceOrientationLandscapeRight";
				INFOPLIST_KEY_UISupportedInterfaceOrientations_iPhone = "UIInterfaceOrientationPortrait UIInterfaceOrientationLandscapeLeft UIInterfaceOrientationLandscapeRight";
				IPHONEOS_DEPLOYMENT_TARGET = 15.6;
				LD_RUNPATH_SEARCH_PATHS = (
					"$(inherited)",
					"@executable_path/Frameworks",
				);
				MARKETING_VERSION = 1.0;
				PRODUCT_BUNDLE_IDENTIFIER = com.app.chatappdemo;
				PRODUCT_NAME = "$(TARGET_NAME)";
				PROVISIONING_PROFILE_SPECIFIER = "";
				SWIFT_EMIT_LOC_STRINGS = YES;
				SWIFT_VERSION = 5.0;
				TARGETED_DEVICE_FAMILY = "1,2";
			};
			name = Debug;
		};
		1E81F49B2DB9600C008ED9B3 /* Release */ = {
			isa = XCBuildConfiguration;
			buildSettings = {
				ASSETCATALOG_COMPILER_APPICON_NAME = AppIcon;
				ASSETCATALOG_COMPILER_GLOBAL_ACCENT_COLOR_NAME = AccentColor;
				CODE_SIGN_ENTITLEMENTS = chatappdemo/chatappdemo.entitlements;
				CODE_SIGN_IDENTITY = "Apple Development";
				CODE_SIGN_STYLE = Automatic;
				CURRENT_PROJECT_VERSION = 1;
				DEVELOPMENT_ASSET_PATHS = "\"chatappdemo/SupportingFiles/Preview Content\"";
				DEVELOPMENT_TEAM = MK55K2A9V3;
				ENABLE_PREVIEWS = YES;
				GENERATE_INFOPLIST_FILE = YES;
				INFOPLIST_FILE = chatappdemo/Info.plist;
				INFOPLIST_KEY_UIApplicationSceneManifest_Generation = YES;
				INFOPLIST_KEY_UIApplicationSupportsIndirectInputEvents = YES;
				INFOPLIST_KEY_UILaunchScreen_Generation = YES;
				INFOPLIST_KEY_UISupportedInterfaceOrientations_iPad = "UIInterfaceOrientationPortrait UIInterfaceOrientationPortraitUpsideDown UIInterfaceOrientationLandscapeLeft UIInterfaceOrientationLandscapeRight";
				INFOPLIST_KEY_UISupportedInterfaceOrientations_iPhone = "UIInterfaceOrientationPortrait UIInterfaceOrientationLandscapeLeft UIInterfaceOrientationLandscapeRight";
				IPHONEOS_DEPLOYMENT_TARGET = 15.6;
				LD_RUNPATH_SEARCH_PATHS = (
					"$(inherited)",
					"@executable_path/Frameworks",
				);
				MARKETING_VERSION = 1.0;
				PRODUCT_BUNDLE_IDENTIFIER = com.app.chatappdemo;
				PRODUCT_NAME = "$(TARGET_NAME)";
				PROVISIONING_PROFILE_SPECIFIER = "";
				SWIFT_EMIT_LOC_STRINGS = YES;
				SWIFT_VERSION = 5.0;
				TARGETED_DEVICE_FAMILY = "1,2";
			};
			name = Release;
		};
		1E81F49D2DB9600C008ED9B3 /* Debug */ = {
			isa = XCBuildConfiguration;
			buildSettings = {
				BUNDLE_LOADER = "$(TEST_HOST)";
				CODE_SIGN_STYLE = Automatic;
				CURRENT_PROJECT_VERSION = 1;
				DEVELOPMENT_TEAM = P36U278DA2;
				GENERATE_INFOPLIST_FILE = YES;
				IPHONEOS_DEPLOYMENT_TARGET = 18.0;
				MARKETING_VERSION = 1.0;
				PRODUCT_BUNDLE_IDENTIFIER = com.app.chatappdemoTests;
				PRODUCT_NAME = "$(TARGET_NAME)";
				SWIFT_EMIT_LOC_STRINGS = NO;
				SWIFT_VERSION = 5.0;
				TARGETED_DEVICE_FAMILY = "1,2";
				TEST_HOST = "$(BUILT_PRODUCTS_DIR)/chatappdemo.app/$(BUNDLE_EXECUTABLE_FOLDER_PATH)/chatappdemo";
			};
			name = Debug;
		};
		1E81F49E2DB9600C008ED9B3 /* Release */ = {
			isa = XCBuildConfiguration;
			buildSettings = {
				BUNDLE_LOADER = "$(TEST_HOST)";
				CODE_SIGN_STYLE = Automatic;
				CURRENT_PROJECT_VERSION = 1;
				DEVELOPMENT_TEAM = P36U278DA2;
				GENERATE_INFOPLIST_FILE = YES;
				IPHONEOS_DEPLOYMENT_TARGET = 18.0;
				MARKETING_VERSION = 1.0;
				PRODUCT_BUNDLE_IDENTIFIER = com.app.chatappdemoTests;
				PRODUCT_NAME = "$(TARGET_NAME)";
				SWIFT_EMIT_LOC_STRINGS = NO;
				SWIFT_VERSION = 5.0;
				TARGETED_DEVICE_FAMILY = "1,2";
				TEST_HOST = "$(BUILT_PRODUCTS_DIR)/chatappdemo.app/$(BUNDLE_EXECUTABLE_FOLDER_PATH)/chatappdemo";
			};
			name = Release;
		};
		1E81F4A02DB9600C008ED9B3 /* Debug */ = {
			isa = XCBuildConfiguration;
			buildSettings = {
				CODE_SIGN_STYLE = Automatic;
				CURRENT_PROJECT_VERSION = 1;
				DEVELOPMENT_TEAM = P36U278DA2;
				GENERATE_INFOPLIST_FILE = YES;
				MARKETING_VERSION = 1.0;
				PRODUCT_BUNDLE_IDENTIFIER = com.app.chatappdemoUITests;
				PRODUCT_NAME = "$(TARGET_NAME)";
				SWIFT_EMIT_LOC_STRINGS = NO;
				SWIFT_VERSION = 5.0;
				TARGETED_DEVICE_FAMILY = "1,2";
				TEST_TARGET_NAME = chatappdemo;
			};
			name = Debug;
		};
		1E81F4A12DB9600C008ED9B3 /* Release */ = {
			isa = XCBuildConfiguration;
			buildSettings = {
				CODE_SIGN_STYLE = Automatic;
				CURRENT_PROJECT_VERSION = 1;
				DEVELOPMENT_TEAM = P36U278DA2;
				GENERATE_INFOPLIST_FILE = YES;
				MARKETING_VERSION = 1.0;
				PRODUCT_BUNDLE_IDENTIFIER = com.app.chatappdemoUITests;
				PRODUCT_NAME = "$(TARGET_NAME)";
				SWIFT_EMIT_LOC_STRINGS = NO;
				SWIFT_VERSION = 5.0;
				TARGETED_DEVICE_FAMILY = "1,2";
				TEST_TARGET_NAME = chatappdemo;
			};
			name = Release;
		};
/* End XCBuildConfiguration section */

/* Begin XCConfigurationList section */
		1E81F4702DB9600A008ED9B3 /* Build configuration list for PBXProject "chatappdemo" */ = {
			isa = XCConfigurationList;
			buildConfigurations = (
				1E81F4972DB9600C008ED9B3 /* Debug */,
				1E81F4982DB9600C008ED9B3 /* Release */,
			);
			defaultConfigurationIsVisible = 0;
			defaultConfigurationName = Release;
		};
		1E81F4992DB9600C008ED9B3 /* Build configuration list for PBXNativeTarget "chatappdemo" */ = {
			isa = XCConfigurationList;
			buildConfigurations = (
				1E81F49A2DB9600C008ED9B3 /* Debug */,
				1E81F49B2DB9600C008ED9B3 /* Release */,
			);
			defaultConfigurationIsVisible = 0;
			defaultConfigurationName = Release;
		};
		1E81F49C2DB9600C008ED9B3 /* Build configuration list for PBXNativeTarget "chatappdemoTests" */ = {
			isa = XCConfigurationList;
			buildConfigurations = (
				1E81F49D2DB9600C008ED9B3 /* Debug */,
				1E81F49E2DB9600C008ED9B3 /* Release */,
			);
			defaultConfigurationIsVisible = 0;
			defaultConfigurationName = Release;
		};
		1E81F49F2DB9600C008ED9B3 /* Build configuration list for PBXNativeTarget "chatappdemoUITests" */ = {
			isa = XCConfigurationList;
			buildConfigurations = (
				1E81F4A02DB9600C008ED9B3 /* Debug */,
				1E81F4A12DB9600C008ED9B3 /* Release */,
			);
			defaultConfigurationIsVisible = 0;
			defaultConfigurationName = Release;
		};
/* End XCConfigurationList section */

/* Begin XCRemoteSwiftPackageReference section */
		1E5F02F42DBA987E0062BAD8 /* XCRemoteSwiftPackageReference "Swinject" */ = {
			isa = XCRemoteSwiftPackageReference;
			repositoryURL = "https://github.com/Swinject/Swinject.git";
			requirement = {
				kind = upToNextMajorVersion;
				minimumVersion = 2.9.1;
			};
		};
		1E81F4A22DB96059008ED9B3 /* XCRemoteSwiftPackageReference "GoogleSignIn-iOS" */ = {
			isa = XCRemoteSwiftPackageReference;
			repositoryURL = "https://github.com/google/GoogleSignIn-iOS";
			requirement = {
				kind = upToNextMajorVersion;
				minimumVersion = 8.0.0;
			};
		};
		1E81F58C2DB96FFD008ED9B3 /* XCRemoteSwiftPackageReference "firebase-ios-sdk" */ = {
			isa = XCRemoteSwiftPackageReference;
			repositoryURL = "https://github.com/firebase/firebase-ios-sdk.git";
			requirement = {
				kind = upToNextMajorVersion;
				minimumVersion = 11.12.0;
			};
		};
/* End XCRemoteSwiftPackageReference section */

/* Begin XCSwiftPackageProductDependency section */
		1E5F02F52DBA987E0062BAD8 /* Swinject */ = {
			isa = XCSwiftPackageProductDependency;
			package = 1E5F02F42DBA987E0062BAD8 /* XCRemoteSwiftPackageReference "Swinject" */;
			productName = Swinject;
		};
		1E81F4A32DB96059008ED9B3 /* GoogleSignIn */ = {
			isa = XCSwiftPackageProductDependency;
			package = 1E81F4A22DB96059008ED9B3 /* XCRemoteSwiftPackageReference "GoogleSignIn-iOS" */;
			productName = GoogleSignIn;
		};
		1E81F58D2DB96FFD008ED9B3 /* FirebaseAnalytics */ = {
			isa = XCSwiftPackageProductDependency;
			package = 1E81F58C2DB96FFD008ED9B3 /* XCRemoteSwiftPackageReference "firebase-ios-sdk" */;
			productName = FirebaseAnalytics;
		};
		1E81F58F2DB96FFD008ED9B3 /* FirebaseAuth */ = {
			isa = XCSwiftPackageProductDependency;
			package = 1E81F58C2DB96FFD008ED9B3 /* XCRemoteSwiftPackageReference "firebase-ios-sdk" */;
			productName = FirebaseAuth;
		};
		1E81F5912DB96FFD008ED9B3 /* FirebaseCore */ = {
			isa = XCSwiftPackageProductDependency;
			package = 1E81F58C2DB96FFD008ED9B3 /* XCRemoteSwiftPackageReference "firebase-ios-sdk" */;
			productName = FirebaseCore;
		};
		1E81F5932DB96FFD008ED9B3 /* FirebaseCrashlytics */ = {
			isa = XCSwiftPackageProductDependency;
			package = 1E81F58C2DB96FFD008ED9B3 /* XCRemoteSwiftPackageReference "firebase-ios-sdk" */;
			productName = FirebaseCrashlytics;
		};
		1E81F5952DB96FFD008ED9B3 /* FirebaseDatabase */ = {
			isa = XCSwiftPackageProductDependency;
			package = 1E81F58C2DB96FFD008ED9B3 /* XCRemoteSwiftPackageReference "firebase-ios-sdk" */;
			productName = FirebaseDatabase;
		};
		1E81F5972DB96FFD008ED9B3 /* FirebaseFirestore */ = {
			isa = XCSwiftPackageProductDependency;
			package = 1E81F58C2DB96FFD008ED9B3 /* XCRemoteSwiftPackageReference "firebase-ios-sdk" */;
			productName = FirebaseFirestore;
		};
		1E81F5992DB96FFD008ED9B3 /* FirebaseMessaging */ = {
			isa = XCSwiftPackageProductDependency;
			package = 1E81F58C2DB96FFD008ED9B3 /* XCRemoteSwiftPackageReference "firebase-ios-sdk" */;
			productName = FirebaseMessaging;
		};
		1E81F59B2DB96FFD008ED9B3 /* FirebaseStorage */ = {
			isa = XCSwiftPackageProductDependency;
			package = 1E81F58C2DB96FFD008ED9B3 /* XCRemoteSwiftPackageReference "firebase-ios-sdk" */;
			productName = FirebaseStorage;
		};
/* End XCSwiftPackageProductDependency section */
	};
	rootObject = 1E81F46D2DB9600A008ED9B3 /* Project object */;
}
